// !$*UTF8*$!
{
	archiveVersion = 1;
	classes = {
	};
	objectVersion = 55;
	objects = {

/* Begin PBXBuildFile section */
		01997AC171C26DDECDFBD7FA /* Pods_KPGG.framework in Frameworks */ = {isa = PBXBuildFile; fileRef = A23A94F23E957D5C6B633012 /* Pods_KPGG.framework */; };
		A004CEC6271D539300AAF13F /* SectionEnum.swift in Sources */ = {isa = PBXBuildFile; fileRef = A004CEC5271D539300AAF13F /* SectionEnum.swift */; };
		A008ADD3271B3F8D00972B3F /* AppDelegate.swift in Sources */ = {isa = PBXBuildFile; fileRef = A008ADD2271B3F8D00972B3F /* AppDelegate.swift */; };
		A008ADD5271B3F8D00972B3F /* SceneDelegate.swift in Sources */ = {isa = PBXBuildFile; fileRef = A008ADD4271B3F8D00972B3F /* SceneDelegate.swift */; };
		A008ADD7271B3F8D00972B3F /* MainViewController.swift in Sources */ = {isa = PBXBuildFile; fileRef = A008ADD6271B3F8D00972B3F /* MainViewController.swift */; };
		A008ADDA271B3F8D00972B3F /* Main.storyboard in Resources */ = {isa = PBXBuildFile; fileRef = A008ADD8271B3F8D00972B3F /* Main.storyboard */; };
		A008ADDC271B3F8E00972B3F /* Assets.xcassets in Resources */ = {isa = PBXBuildFile; fileRef = A008ADDB271B3F8E00972B3F /* Assets.xcassets */; };
		A008ADDF271B3F8E00972B3F /* LaunchScreen.storyboard in Resources */ = {isa = PBXBuildFile; fileRef = A008ADDD271B3F8E00972B3F /* LaunchScreen.storyboard */; };
		A008ADEB271B402A00972B3F /* MainViewModel.swift in Sources */ = {isa = PBXBuildFile; fileRef = A008ADEA271B402A00972B3F /* MainViewModel.swift */; };
		A08363C3271C29650061CB67 /* GroupCell.swift in Sources */ = {isa = PBXBuildFile; fileRef = A08363C2271C29650061CB67 /* GroupCell.swift */; };
		A08363C5271C64010061CB67 /* Group.swift in Sources */ = {isa = PBXBuildFile; fileRef = A08363C4271C64010061CB67 /* Group.swift */; };
		A0925E9B2721C90B0010C9D0 /* SectionHeader.swift in Sources */ = {isa = PBXBuildFile; fileRef = A0925E9A2721C90B0010C9D0 /* SectionHeader.swift */; };
		A099030D2722A08600574A3B /* MusicVideoViewModel.swift in Sources */ = {isa = PBXBuildFile; fileRef = A099030C2722A08600574A3B /* MusicVideoViewModel.swift */; };
		A0AC1AF22722BD6400EA5F27 /* VideoViewController.swift in Sources */ = {isa = PBXBuildFile; fileRef = A0AC1AF12722BD6400EA5F27 /* VideoViewController.swift */; };
		A0AC1AF42722C1DA00EA5F27 /* VideoView.storyboard in Resources */ = {isa = PBXBuildFile; fileRef = A0AC1AF32722C1DA00EA5F27 /* VideoView.storyboard */; };
		A0AC1AF82722D22100EA5F27 /* Extension.swift in Sources */ = {isa = PBXBuildFile; fileRef = A0AC1AF72722D22100EA5F27 /* Extension.swift */; };
		A0AC429B2723F2D000E9BE98 /* Kingfisher in Frameworks */ = {isa = PBXBuildFile; productRef = A0AC429A2723F2D000E9BE98 /* Kingfisher */; };
		A0AC429F2724309F00E9BE98 /* SectionView.swift in Sources */ = {isa = PBXBuildFile; fileRef = A0AC429E2724309F00E9BE98 /* SectionView.swift */; };
		A0ADB54D271DF31B00996110 /* MainCell.swift in Sources */ = {isa = PBXBuildFile; fileRef = A0ADB54C271DF31B00996110 /* MainCell.swift */; };
		A0AF8A95271E8AB6009CEF82 /* Member.swift in Sources */ = {isa = PBXBuildFile; fileRef = A0AF8A94271E8AB6009CEF82 /* Member.swift */; };
		A0AF8A99271EB204009CEF82 /* Endpoint.swift in Sources */ = {isa = PBXBuildFile; fileRef = A0AF8A98271EB204009CEF82 /* Endpoint.swift */; };
		A0AF8A9B271EB20C009CEF82 /* NetworkService.swift in Sources */ = {isa = PBXBuildFile; fileRef = A0AF8A9A271EB20C009CEF82 /* NetworkService.swift */; };
		A0AF8A9E271EB225009CEF82 /* Alamofire in Frameworks */ = {isa = PBXBuildFile; productRef = A0AF8A9D271EB225009CEF82 /* Alamofire */; };
		A0AF8AA2271EE08D009CEF82 /* MainUseCase.swift in Sources */ = {isa = PBXBuildFile; fileRef = A0AF8AA1271EE08D009CEF82 /* MainUseCase.swift */; };
		A0AF8AA5271EE0AA009CEF82 /* RxCocoa in Frameworks */ = {isa = PBXBuildFile; productRef = A0AF8AA4271EE0AA009CEF82 /* RxCocoa */; };
		A0AF8AA7271EE0AA009CEF82 /* RxSwift in Frameworks */ = {isa = PBXBuildFile; productRef = A0AF8AA6271EE0AA009CEF82 /* RxSwift */; };
		A0B991E5271FEB85005ECDD1 /* GroupMemberViewCell.swift in Sources */ = {isa = PBXBuildFile; fileRef = A0B991E4271FEB85005ECDD1 /* GroupMemberViewCell.swift */; };
		A0B991E7271FECAD005ECDD1 /* GroupMemberViewController.swift in Sources */ = {isa = PBXBuildFile; fileRef = A0B991E6271FECAD005ECDD1 /* GroupMemberViewController.swift */; };
		A0B991EA271FED8B005ECDD1 /* GroupMemberUseCase.swift in Sources */ = {isa = PBXBuildFile; fileRef = A0B991E9271FED8B005ECDD1 /* GroupMemberUseCase.swift */; };
		A0B991EC271FF4AF005ECDD1 /* GroupMemberViewModel.swift in Sources */ = {isa = PBXBuildFile; fileRef = A0B991EB271FF4AF005ECDD1 /* GroupMemberViewModel.swift */; };
		A0B991F227203FCD005ECDD1 /* MemberDetailViewController.swift in Sources */ = {isa = PBXBuildFile; fileRef = A0B991F127203FCD005ECDD1 /* MemberDetailViewController.swift */; };
		A0B991F4272042C0005ECDD1 /* MemberDetailViewModel.swift in Sources */ = {isa = PBXBuildFile; fileRef = A0B991F3272042C0005ECDD1 /* MemberDetailViewModel.swift */; };
		A0F9C9742725B281004089F6 /* GroupFavoritesCell.swift in Sources */ = {isa = PBXBuildFile; fileRef = A0F9C9732725B281004089F6 /* GroupFavoritesCell.swift */; };
		A0F9C97A2725B2F4004089F6 /* GroupFavoritesViewController.swift in Sources */ = {isa = PBXBuildFile; fileRef = A0F9C9792725B2F4004089F6 /* GroupFavoritesViewController.swift */; };
		A0F9C97C2725B38F004089F6 /* MemberFavoritesCell.swift in Sources */ = {isa = PBXBuildFile; fileRef = A0F9C97B2725B38F004089F6 /* MemberFavoritesCell.swift */; };
		A0F9C97E2725B3A8004089F6 /* MemberFavoritesViewController.swift in Sources */ = {isa = PBXBuildFile; fileRef = A0F9C97D2725B3A8004089F6 /* MemberFavoritesViewController.swift */; };
		A0F9C9832725B48A004089F6 /* FavoritesStorage.xcdatamodeld in Sources */ = {isa = PBXBuildFile; fileRef = A0F9C9812725B48A004089F6 /* FavoritesStorage.xcdatamodeld */; };
		A0F9C9952725B64E004089F6 /* GroupInfo+CoreDataClass.swift in Sources */ = {isa = PBXBuildFile; fileRef = A0F9C9942725B64E004089F6 /* GroupInfo+CoreDataClass.swift */; };
		A0F9C9972725B69D004089F6 /* MemberInfo+CoreDataClass.swift in Sources */ = {isa = PBXBuildFile; fileRef = A0F9C9962725B69D004089F6 /* MemberInfo+CoreDataClass.swift */; };
		A0F9C9992725B75B004089F6 /* FavoritesStorageManager.swift in Sources */ = {isa = PBXBuildFile; fileRef = A0F9C9982725B75B004089F6 /* FavoritesStorageManager.swift */; };
		A0F9C99C2725BBD6004089F6 /* GroupFavoritesUseCase.swift in Sources */ = {isa = PBXBuildFile; fileRef = A0F9C99B2725BBD6004089F6 /* GroupFavoritesUseCase.swift */; };
		A0F9C99F2725BC99004089F6 /* MemberFavoritesUseCase.swift in Sources */ = {isa = PBXBuildFile; fileRef = A0F9C99E2725BC99004089F6 /* MemberFavoritesUseCase.swift */; };
		A0F9C9A12725BD12004089F6 /* GroupFavoritesViewModel.swift in Sources */ = {isa = PBXBuildFile; fileRef = A0F9C9A02725BD12004089F6 /* GroupFavoritesViewModel.swift */; };
		A0F9C9A32725BE6A004089F6 /* MemberFavoritesViewModel.swift in Sources */ = {isa = PBXBuildFile; fileRef = A0F9C9A22725BE6A004089F6 /* MemberFavoritesViewModel.swift */; };
		A0F9C9A62725CD14004089F6 /* MemberDetailUseCase.swift in Sources */ = {isa = PBXBuildFile; fileRef = A0F9C9A52725CD14004089F6 /* MemberDetailUseCase.swift */; };
/* End PBXBuildFile section */

/* Begin PBXFileReference section */
		59AF9606086FEDFF3C1FED35 /* Pods-KPGG.debug.xcconfig */ = {isa = PBXFileReference; includeInIndex = 1; lastKnownFileType = text.xcconfig; name = "Pods-KPGG.debug.xcconfig"; path = "Target Support Files/Pods-KPGG/Pods-KPGG.debug.xcconfig"; sourceTree = "<group>"; };
		A004CEC5271D539300AAF13F /* SectionEnum.swift */ = {isa = PBXFileReference; lastKnownFileType = sourcecode.swift; path = SectionEnum.swift; sourceTree = "<group>"; };
		A008ADCF271B3F8D00972B3F /* KPGG.app */ = {isa = PBXFileReference; explicitFileType = wrapper.application; includeInIndex = 0; path = KPGG.app; sourceTree = BUILT_PRODUCTS_DIR; };
		A008ADD2271B3F8D00972B3F /* AppDelegate.swift */ = {isa = PBXFileReference; lastKnownFileType = sourcecode.swift; path = AppDelegate.swift; sourceTree = "<group>"; };
		A008ADD4271B3F8D00972B3F /* SceneDelegate.swift */ = {isa = PBXFileReference; lastKnownFileType = sourcecode.swift; path = SceneDelegate.swift; sourceTree = "<group>"; };
		A008ADD6271B3F8D00972B3F /* MainViewController.swift */ = {isa = PBXFileReference; lastKnownFileType = sourcecode.swift; path = MainViewController.swift; sourceTree = "<group>"; };
		A008ADD9271B3F8D00972B3F /* Base */ = {isa = PBXFileReference; lastKnownFileType = file.storyboard; name = Base; path = Base.lproj/Main.storyboard; sourceTree = "<group>"; };
		A008ADDB271B3F8E00972B3F /* Assets.xcassets */ = {isa = PBXFileReference; lastKnownFileType = folder.assetcatalog; path = Assets.xcassets; sourceTree = "<group>"; };
		A008ADDE271B3F8E00972B3F /* Base */ = {isa = PBXFileReference; lastKnownFileType = file.storyboard; name = Base; path = Base.lproj/LaunchScreen.storyboard; sourceTree = "<group>"; };
		A008ADE0271B3F8E00972B3F /* Info.plist */ = {isa = PBXFileReference; lastKnownFileType = text.plist.xml; path = Info.plist; sourceTree = "<group>"; };
		A008ADEA271B402A00972B3F /* MainViewModel.swift */ = {isa = PBXFileReference; lastKnownFileType = sourcecode.swift; path = MainViewModel.swift; sourceTree = "<group>"; };
		A08363C2271C29650061CB67 /* GroupCell.swift */ = {isa = PBXFileReference; lastKnownFileType = sourcecode.swift; path = GroupCell.swift; sourceTree = "<group>"; };
		A08363C4271C64010061CB67 /* Group.swift */ = {isa = PBXFileReference; lastKnownFileType = sourcecode.swift; path = Group.swift; sourceTree = "<group>"; };
		A0925E9A2721C90B0010C9D0 /* SectionHeader.swift */ = {isa = PBXFileReference; lastKnownFileType = sourcecode.swift; path = SectionHeader.swift; sourceTree = "<group>"; };
		A099030C2722A08600574A3B /* MusicVideoViewModel.swift */ = {isa = PBXFileReference; lastKnownFileType = sourcecode.swift; path = MusicVideoViewModel.swift; sourceTree = "<group>"; };
		A0AC1AF12722BD6400EA5F27 /* VideoViewController.swift */ = {isa = PBXFileReference; lastKnownFileType = sourcecode.swift; path = VideoViewController.swift; sourceTree = "<group>"; };
		A0AC1AF32722C1DA00EA5F27 /* VideoView.storyboard */ = {isa = PBXFileReference; lastKnownFileType = file.storyboard; path = VideoView.storyboard; sourceTree = "<group>"; };
		A0AC1AF72722D22100EA5F27 /* Extension.swift */ = {isa = PBXFileReference; lastKnownFileType = sourcecode.swift; path = Extension.swift; sourceTree = "<group>"; };
		A0AC429E2724309F00E9BE98 /* SectionView.swift */ = {isa = PBXFileReference; lastKnownFileType = sourcecode.swift; path = SectionView.swift; sourceTree = "<group>"; };
		A0ADB54C271DF31B00996110 /* MainCell.swift */ = {isa = PBXFileReference; lastKnownFileType = sourcecode.swift; path = MainCell.swift; sourceTree = "<group>"; };
		A0AF8A94271E8AB6009CEF82 /* Member.swift */ = {isa = PBXFileReference; indentWidth = 2; lastKnownFileType = sourcecode.swift; path = Member.swift; sourceTree = "<group>"; };
		A0AF8A98271EB204009CEF82 /* Endpoint.swift */ = {isa = PBXFileReference; indentWidth = 2; lastKnownFileType = sourcecode.swift; path = Endpoint.swift; sourceTree = "<group>"; };
		A0AF8A9A271EB20C009CEF82 /* NetworkService.swift */ = {isa = PBXFileReference; indentWidth = 2; lastKnownFileType = sourcecode.swift; path = NetworkService.swift; sourceTree = "<group>"; };
		A0AF8AA1271EE08D009CEF82 /* MainUseCase.swift */ = {isa = PBXFileReference; lastKnownFileType = sourcecode.swift; path = MainUseCase.swift; sourceTree = "<group>"; };
		A0B991E4271FEB85005ECDD1 /* GroupMemberViewCell.swift */ = {isa = PBXFileReference; lastKnownFileType = sourcecode.swift; path = GroupMemberViewCell.swift; sourceTree = "<group>"; };
		A0B991E6271FECAD005ECDD1 /* GroupMemberViewController.swift */ = {isa = PBXFileReference; lastKnownFileType = sourcecode.swift; path = GroupMemberViewController.swift; sourceTree = "<group>"; };
		A0B991E9271FED8B005ECDD1 /* GroupMemberUseCase.swift */ = {isa = PBXFileReference; lastKnownFileType = sourcecode.swift; path = GroupMemberUseCase.swift; sourceTree = "<group>"; };
		A0B991EB271FF4AF005ECDD1 /* GroupMemberViewModel.swift */ = {isa = PBXFileReference; lastKnownFileType = sourcecode.swift; path = GroupMemberViewModel.swift; sourceTree = "<group>"; };
		A0B991F127203FCD005ECDD1 /* MemberDetailViewController.swift */ = {isa = PBXFileReference; lastKnownFileType = sourcecode.swift; path = MemberDetailViewController.swift; sourceTree = "<group>"; };
		A0B991F3272042C0005ECDD1 /* MemberDetailViewModel.swift */ = {isa = PBXFileReference; lastKnownFileType = sourcecode.swift; path = MemberDetailViewModel.swift; sourceTree = "<group>"; };
		A0F9C9732725B281004089F6 /* GroupFavoritesCell.swift */ = {isa = PBXFileReference; lastKnownFileType = sourcecode.swift; path = GroupFavoritesCell.swift; sourceTree = "<group>"; };
		A0F9C9792725B2F4004089F6 /* GroupFavoritesViewController.swift */ = {isa = PBXFileReference; lastKnownFileType = sourcecode.swift; path = GroupFavoritesViewController.swift; sourceTree = "<group>"; };
		A0F9C97B2725B38F004089F6 /* MemberFavoritesCell.swift */ = {isa = PBXFileReference; lastKnownFileType = sourcecode.swift; path = MemberFavoritesCell.swift; sourceTree = "<group>"; };
		A0F9C97D2725B3A8004089F6 /* MemberFavoritesViewController.swift */ = {isa = PBXFileReference; lastKnownFileType = sourcecode.swift; path = MemberFavoritesViewController.swift; sourceTree = "<group>"; };
		A0F9C9822725B48A004089F6 /* FavoritesStorage.xcdatamodel */ = {isa = PBXFileReference; lastKnownFileType = wrapper.xcdatamodel; path = FavoritesStorage.xcdatamodel; sourceTree = "<group>"; };
		A0F9C9942725B64E004089F6 /* GroupInfo+CoreDataClass.swift */ = {isa = PBXFileReference; lastKnownFileType = sourcecode.swift; path = "GroupInfo+CoreDataClass.swift"; sourceTree = "<group>"; };
		A0F9C9962725B69D004089F6 /* MemberInfo+CoreDataClass.swift */ = {isa = PBXFileReference; lastKnownFileType = sourcecode.swift; path = "MemberInfo+CoreDataClass.swift"; sourceTree = "<group>"; };
		A0F9C9982725B75B004089F6 /* FavoritesStorageManager.swift */ = {isa = PBXFileReference; lastKnownFileType = sourcecode.swift; path = FavoritesStorageManager.swift; sourceTree = "<group>"; };
		A0F9C99B2725BBD6004089F6 /* GroupFavoritesUseCase.swift */ = {isa = PBXFileReference; lastKnownFileType = sourcecode.swift; path = GroupFavoritesUseCase.swift; sourceTree = "<group>"; };
		A0F9C99E2725BC99004089F6 /* MemberFavoritesUseCase.swift */ = {isa = PBXFileReference; lastKnownFileType = sourcecode.swift; path = MemberFavoritesUseCase.swift; sourceTree = "<group>"; };
		A0F9C9A02725BD12004089F6 /* GroupFavoritesViewModel.swift */ = {isa = PBXFileReference; lastKnownFileType = sourcecode.swift; path = GroupFavoritesViewModel.swift; sourceTree = "<group>"; };
		A0F9C9A22725BE6A004089F6 /* MemberFavoritesViewModel.swift */ = {isa = PBXFileReference; lastKnownFileType = sourcecode.swift; path = MemberFavoritesViewModel.swift; sourceTree = "<group>"; };
		A0F9C9A52725CD14004089F6 /* MemberDetailUseCase.swift */ = {isa = PBXFileReference; lastKnownFileType = sourcecode.swift; path = MemberDetailUseCase.swift; sourceTree = "<group>"; };
		A23A94F23E957D5C6B633012 /* Pods_KPGG.framework */ = {isa = PBXFileReference; explicitFileType = wrapper.framework; includeInIndex = 0; path = Pods_KPGG.framework; sourceTree = BUILT_PRODUCTS_DIR; };
		E2C8C6BB9A2066D8B38B973A /* Pods-KPGG.release.xcconfig */ = {isa = PBXFileReference; includeInIndex = 1; lastKnownFileType = text.xcconfig; name = "Pods-KPGG.release.xcconfig"; path = "Target Support Files/Pods-KPGG/Pods-KPGG.release.xcconfig"; sourceTree = "<group>"; };
/* End PBXFileReference section */

/* Begin PBXFrameworksBuildPhase section */
		A008ADCC271B3F8D00972B3F /* Frameworks */ = {
			isa = PBXFrameworksBuildPhase;
			buildActionMask = 2147483647;
			files = (
				A0AF8AA7271EE0AA009CEF82 /* RxSwift in Frameworks */,
				A0AF8AA5271EE0AA009CEF82 /* RxCocoa in Frameworks */,
				A0AF8A9E271EB225009CEF82 /* Alamofire in Frameworks */,
				01997AC171C26DDECDFBD7FA /* Pods_KPGG.framework in Frameworks */,
				A0AC429B2723F2D000E9BE98 /* Kingfisher in Frameworks */,
			);
			runOnlyForDeploymentPostprocessing = 0;
		};
/* End PBXFrameworksBuildPhase section */

/* Begin PBXGroup section */
		2E9070339037CBF90C765AB9 /* Frameworks */ = {
			isa = PBXGroup;
			children = (
				A23A94F23E957D5C6B633012 /* Pods_KPGG.framework */,
			);
			name = Frameworks;
			sourceTree = "<group>";
		};
		A008ADC6271B3F8D00972B3F = {
			isa = PBXGroup;
			children = (
				A008ADD1271B3F8D00972B3F /* GG */,
				A008ADD0271B3F8D00972B3F /* Products */,
				C48AFF025A9A802769F3FF01 /* Pods */,
				2E9070339037CBF90C765AB9 /* Frameworks */,
			);
			sourceTree = "<group>";
		};
		A008ADD0271B3F8D00972B3F /* Products */ = {
			isa = PBXGroup;
			children = (
				A008ADCF271B3F8D00972B3F /* KPGG.app */,
			);
			name = Products;
			sourceTree = "<group>";
		};
		A008ADD1271B3F8D00972B3F /* GG */ = {
			isa = PBXGroup;
			children = (
				A0F9C97F2725B448004089F6 /* DataManager */,
				A0AC1AF62722D20D00EA5F27 /* Extension */,
				A0AF8A96271EB1D0009CEF82 /* Domain */,
				A008ADEC271B40F400972B3F /* Application */,
				A008ADE6271B3FFB00972B3F /* Presentation */,
				A008ADD8271B3F8D00972B3F /* Main.storyboard */,
				A0AC1AF32722C1DA00EA5F27 /* VideoView.storyboard */,
				A008ADDB271B3F8E00972B3F /* Assets.xcassets */,
				A008ADDD271B3F8E00972B3F /* LaunchScreen.storyboard */,
				A008ADE0271B3F8E00972B3F /* Info.plist */,
			);
			name = GG;
			path = KPGG;
			sourceTree = "<group>";
		};
		A008ADE6271B3FFB00972B3F /* Presentation */ = {
			isa = PBXGroup;
			children = (
				A08363B9271C14C00061CB67 /* MainView */,
				A0B991E0271FEB39005ECDD1 /* GroupMemberView */,
				A0B991ED27203D3D005ECDD1 /* MemberDetailView */,
				A09903042722808100574A3B /* MusicVideoView */,
				A0F9C96F2725B232004089F6 /* GroupFavoritesView */,
				A0F9C9752725B2BB004089F6 /* MemberFavoritesView */,
			);
			path = Presentation;
			sourceTree = "<group>";
		};
		A008ADE7271B400200972B3F /* UseCase */ = {
			isa = PBXGroup;
			children = (
				A0F9C9A42725CD05004089F6 /* MemberDetailUseCase */,
				A0AF8A9F271EB3E4009CEF82 /* MainViewUseCase */,
				A0B991E8271FED68005ECDD1 /* GroupMemberUseCase */,
				A0F9C99A2725BB02004089F6 /* GroupFavoritesUseCase */,
				A0F9C99D2725BC74004089F6 /* MemberFavoritesUseCase */,
			);
			path = UseCase;
			sourceTree = "<group>";
		};
		A008ADE8271B401100972B3F /* ViewModel */ = {
			isa = PBXGroup;
			children = (
				A008ADEA271B402A00972B3F /* MainViewModel.swift */,
			);
			path = ViewModel;
			sourceTree = "<group>";
		};
		A008ADE9271B401F00972B3F /* Entity */ = {
			isa = PBXGroup;
			children = (
				A08363C4271C64010061CB67 /* Group.swift */,
				A0AF8A94271E8AB6009CEF82 /* Member.swift */,
				A0F9C9942725B64E004089F6 /* GroupInfo+CoreDataClass.swift */,
				A0F9C9962725B69D004089F6 /* MemberInfo+CoreDataClass.swift */,
			);
			path = Entity;
			sourceTree = "<group>";
		};
		A008ADEC271B40F400972B3F /* Application */ = {
			isa = PBXGroup;
			children = (
				A008ADD2271B3F8D00972B3F /* AppDelegate.swift */,
				A008ADD4271B3F8D00972B3F /* SceneDelegate.swift */,
			);
			path = Application;
			sourceTree = "<group>";
		};
		A08363B7271C14A60061CB67 /* Controller */ = {
			isa = PBXGroup;
			children = (
				A008ADD6271B3F8D00972B3F /* MainViewController.swift */,
			);
			path = Controller;
			sourceTree = "<group>";
		};
		A08363B8271C14B00061CB67 /* View */ = {
			isa = PBXGroup;
			children = (
				A0ADB54C271DF31B00996110 /* MainCell.swift */,
				A08363C2271C29650061CB67 /* GroupCell.swift */,
				A004CEC5271D539300AAF13F /* SectionEnum.swift */,
				A0925E9A2721C90B0010C9D0 /* SectionHeader.swift */,
				A0AC429E2724309F00E9BE98 /* SectionView.swift */,
			);
			path = View;
			sourceTree = "<group>";
		};
		A08363B9271C14C00061CB67 /* MainView */ = {
			isa = PBXGroup;
			children = (
				A08363B8271C14B00061CB67 /* View */,
				A008ADE8271B401100972B3F /* ViewModel */,
				A08363B7271C14A60061CB67 /* Controller */,
			);
			path = MainView;
			sourceTree = "<group>";
		};
		A09903042722808100574A3B /* MusicVideoView */ = {
			isa = PBXGroup;
			children = (
				A0990307272280B700574A3B /* View */,
				A0990306272280AD00574A3B /* ViewModel */,
				A0990305272280A300574A3B /* Controller */,
			);
			path = MusicVideoView;
			sourceTree = "<group>";
		};
		A0990305272280A300574A3B /* Controller */ = {
			isa = PBXGroup;
			children = (
				A0AC1AF12722BD6400EA5F27 /* VideoViewController.swift */,
			);
			path = Controller;
			sourceTree = "<group>";
		};
		A0990306272280AD00574A3B /* ViewModel */ = {
			isa = PBXGroup;
			children = (
				A099030C2722A08600574A3B /* MusicVideoViewModel.swift */,
			);
			path = ViewModel;
			sourceTree = "<group>";
		};
		A0990307272280B700574A3B /* View */ = {
			isa = PBXGroup;
			children = (
			);
			path = View;
			sourceTree = "<group>";
		};
		A0AC1AF62722D20D00EA5F27 /* Extension */ = {
			isa = PBXGroup;
			children = (
				A0AC1AF72722D22100EA5F27 /* Extension.swift */,
			);
			path = Extension;
			sourceTree = "<group>";
		};
		A0AF8A96271EB1D0009CEF82 /* Domain */ = {
			isa = PBXGroup;
			children = (
				A008ADE9271B401F00972B3F /* Entity */,
				A008ADE7271B400200972B3F /* UseCase */,
			);
			path = Domain;
			sourceTree = "<group>";
		};
		A0AF8A97271EB1D9009CEF82 /* NetworkService */ = {
			isa = PBXGroup;
			children = (
				A0AF8A98271EB204009CEF82 /* Endpoint.swift */,
				A0AF8A9A271EB20C009CEF82 /* NetworkService.swift */,
			);
			path = NetworkService;
			sourceTree = "<group>";
		};
		A0AF8A9F271EB3E4009CEF82 /* MainViewUseCase */ = {
			isa = PBXGroup;
			children = (
				A0AF8AA1271EE08D009CEF82 /* MainUseCase.swift */,
			);
			path = MainViewUseCase;
			sourceTree = "<group>";
		};
		A0B991E0271FEB39005ECDD1 /* GroupMemberView */ = {
			isa = PBXGroup;
			children = (
				A0B991E3271FEB5C005ECDD1 /* View */,
				A0B991E2271FEB5A005ECDD1 /* ViewModel */,
				A0B991E1271FEB57005ECDD1 /* Controller */,
			);
			path = GroupMemberView;
			sourceTree = "<group>";
		};
		A0B991E1271FEB57005ECDD1 /* Controller */ = {
			isa = PBXGroup;
			children = (
				A0B991E6271FECAD005ECDD1 /* GroupMemberViewController.swift */,
			);
			path = Controller;
			sourceTree = "<group>";
		};
		A0B991E2271FEB5A005ECDD1 /* ViewModel */ = {
			isa = PBXGroup;
			children = (
				A0B991EB271FF4AF005ECDD1 /* GroupMemberViewModel.swift */,
			);
			path = ViewModel;
			sourceTree = "<group>";
		};
		A0B991E3271FEB5C005ECDD1 /* View */ = {
			isa = PBXGroup;
			children = (
				A0B991E4271FEB85005ECDD1 /* GroupMemberViewCell.swift */,
			);
			path = View;
			sourceTree = "<group>";
		};
		A0B991E8271FED68005ECDD1 /* GroupMemberUseCase */ = {
			isa = PBXGroup;
			children = (
				A0B991E9271FED8B005ECDD1 /* GroupMemberUseCase.swift */,
			);
			path = GroupMemberUseCase;
			sourceTree = "<group>";
		};
		A0B991ED27203D3D005ECDD1 /* MemberDetailView */ = {
			isa = PBXGroup;
			children = (
				A0B991F027203D55005ECDD1 /* View */,
				A0B991EF27203D53005ECDD1 /* ViewModel */,
				A0B991EE27203D52005ECDD1 /* Controller */,
			);
			path = MemberDetailView;
			sourceTree = "<group>";
		};
		A0B991EE27203D52005ECDD1 /* Controller */ = {
			isa = PBXGroup;
			children = (
				A0B991F127203FCD005ECDD1 /* MemberDetailViewController.swift */,
			);
			path = Controller;
			sourceTree = "<group>";
		};
		A0B991EF27203D53005ECDD1 /* ViewModel */ = {
			isa = PBXGroup;
			children = (
				A0B991F3272042C0005ECDD1 /* MemberDetailViewModel.swift */,
			);
			path = ViewModel;
			sourceTree = "<group>";
		};
		A0B991F027203D55005ECDD1 /* View */ = {
			isa = PBXGroup;
			children = (
			);
			path = View;
			sourceTree = "<group>";
		};
		A0F9C96F2725B232004089F6 /* GroupFavoritesView */ = {
			isa = PBXGroup;
			children = (
				A0F9C9722725B264004089F6 /* View */,
				A0F9C9712725B25D004089F6 /* ViewModel */,
				A0F9C9702725B253004089F6 /* Controller */,
			);
			path = GroupFavoritesView;
			sourceTree = "<group>";
		};
		A0F9C9702725B253004089F6 /* Controller */ = {
			isa = PBXGroup;
			children = (
				A0F9C9792725B2F4004089F6 /* GroupFavoritesViewController.swift */,
			);
			path = Controller;
			sourceTree = "<group>";
		};
		A0F9C9712725B25D004089F6 /* ViewModel */ = {
			isa = PBXGroup;
			children = (
				A0F9C9A02725BD12004089F6 /* GroupFavoritesViewModel.swift */,
			);
			path = ViewModel;
			sourceTree = "<group>";
		};
		A0F9C9722725B264004089F6 /* View */ = {
			isa = PBXGroup;
			children = (
				A0F9C9732725B281004089F6 /* GroupFavoritesCell.swift */,
			);
			path = View;
			sourceTree = "<group>";
		};
		A0F9C9752725B2BB004089F6 /* MemberFavoritesView */ = {
			isa = PBXGroup;
			children = (
				A0F9C9782725B2D7004089F6 /* View */,
				A0F9C9772725B2D0004089F6 /* ViewModel */,
				A0F9C9762725B2CB004089F6 /* Controller */,
			);
			path = MemberFavoritesView;
			sourceTree = "<group>";
		};
		A0F9C9762725B2CB004089F6 /* Controller */ = {
			isa = PBXGroup;
			children = (
				A0F9C97D2725B3A8004089F6 /* MemberFavoritesViewController.swift */,
			);
			path = Controller;
			sourceTree = "<group>";
		};
		A0F9C9772725B2D0004089F6 /* ViewModel */ = {
			isa = PBXGroup;
			children = (
				A0F9C9A22725BE6A004089F6 /* MemberFavoritesViewModel.swift */,
			);
			path = ViewModel;
			sourceTree = "<group>";
		};
		A0F9C9782725B2D7004089F6 /* View */ = {
			isa = PBXGroup;
			children = (
				A0F9C97B2725B38F004089F6 /* MemberFavoritesCell.swift */,
			);
			path = View;
			sourceTree = "<group>";
		};
		A0F9C97F2725B448004089F6 /* DataManager */ = {
			isa = PBXGroup;
			children = (
				A0F9C9802725B458004089F6 /* PersistentStorage */,
				A0AF8A97271EB1D9009CEF82 /* NetworkService */,
			);
			path = DataManager;
			sourceTree = "<group>";
		};
		A0F9C9802725B458004089F6 /* PersistentStorage */ = {
			isa = PBXGroup;
			children = (
				A0F9C9812725B48A004089F6 /* FavoritesStorage.xcdatamodeld */,
				A0F9C9982725B75B004089F6 /* FavoritesStorageManager.swift */,
			);
			path = PersistentStorage;
			sourceTree = "<group>";
		};
		A0F9C99A2725BB02004089F6 /* GroupFavoritesUseCase */ = {
			isa = PBXGroup;
			children = (
				A0F9C99B2725BBD6004089F6 /* GroupFavoritesUseCase.swift */,
			);
			path = GroupFavoritesUseCase;
			sourceTree = "<group>";
		};
		A0F9C99D2725BC74004089F6 /* MemberFavoritesUseCase */ = {
			isa = PBXGroup;
			children = (
				A0F9C99E2725BC99004089F6 /* MemberFavoritesUseCase.swift */,
			);
			path = MemberFavoritesUseCase;
			sourceTree = "<group>";
		};
		A0F9C9A42725CD05004089F6 /* MemberDetailUseCase */ = {
			isa = PBXGroup;
			children = (
				A0F9C9A52725CD14004089F6 /* MemberDetailUseCase.swift */,
			);
			path = MemberDetailUseCase;
			sourceTree = "<group>";
		};
		C48AFF025A9A802769F3FF01 /* Pods */ = {
			isa = PBXGroup;
			children = (
				59AF9606086FEDFF3C1FED35 /* Pods-KPGG.debug.xcconfig */,
				E2C8C6BB9A2066D8B38B973A /* Pods-KPGG.release.xcconfig */,
			);
			path = Pods;
			sourceTree = "<group>";
		};
/* End PBXGroup section */

/* Begin PBXNativeTarget section */
		A008ADCE271B3F8D00972B3F /* KPGG */ = {
			isa = PBXNativeTarget;
			buildConfigurationList = A008ADE3271B3F8E00972B3F /* Build configuration list for PBXNativeTarget "KPGG" */;
			buildPhases = (
				A536AF2E23750536A63AAF4D /* [CP] Check Pods Manifest.lock */,
				A008ADCB271B3F8D00972B3F /* Sources */,
				A008ADCC271B3F8D00972B3F /* Frameworks */,
				A008ADCD271B3F8D00972B3F /* Resources */,
				8F7B24CD1F852E0334B42E7A /* [CP] Embed Pods Frameworks */,
			);
			buildRules = (
			);
			dependencies = (
			);
			name = KPGG;
			packageProductDependencies = (
				A0AF8A9D271EB225009CEF82 /* Alamofire */,
				A0AF8AA4271EE0AA009CEF82 /* RxCocoa */,
				A0AF8AA6271EE0AA009CEF82 /* RxSwift */,
				A0AC429A2723F2D000E9BE98 /* Kingfisher */,
			);
			productName = GG;
			productReference = A008ADCF271B3F8D00972B3F /* KPGG.app */;
			productType = "com.apple.product-type.application";
		};
/* End PBXNativeTarget section */

/* Begin PBXProject section */
		A008ADC7271B3F8D00972B3F /* Project object */ = {
			isa = PBXProject;
			attributes = {
				BuildIndependentTargetsInParallel = 1;
				LastSwiftUpdateCheck = 1300;
				LastUpgradeCheck = 1300;
				TargetAttributes = {
					A008ADCE271B3F8D00972B3F = {
						CreatedOnToolsVersion = 13.0;
					};
				};
			};
			buildConfigurationList = A008ADCA271B3F8D00972B3F /* Build configuration list for PBXProject "KPGG" */;
			compatibilityVersion = "Xcode 13.0";
			developmentRegion = en;
			hasScannedForEncodings = 0;
			knownRegions = (
				en,
				Base,
			);
			mainGroup = A008ADC6271B3F8D00972B3F;
			packageReferences = (
				A0AF8A9C271EB225009CEF82 /* XCRemoteSwiftPackageReference "Alamofire" */,
				A0AF8AA3271EE0AA009CEF82 /* XCRemoteSwiftPackageReference "RxSwift" */,
				A0AC42992723F2D000E9BE98 /* XCRemoteSwiftPackageReference "Kingfisher" */,
			);
			productRefGroup = A008ADD0271B3F8D00972B3F /* Products */;
			projectDirPath = "";
			projectRoot = "";
			targets = (
				A008ADCE271B3F8D00972B3F /* KPGG */,
			);
		};
/* End PBXProject section */

/* Begin PBXResourcesBuildPhase section */
		A008ADCD271B3F8D00972B3F /* Resources */ = {
			isa = PBXResourcesBuildPhase;
			buildActionMask = 2147483647;
			files = (
				A008ADDF271B3F8E00972B3F /* LaunchScreen.storyboard in Resources */,
				A0AC1AF42722C1DA00EA5F27 /* VideoView.storyboard in Resources */,
				A008ADDC271B3F8E00972B3F /* Assets.xcassets in Resources */,
				A008ADDA271B3F8D00972B3F /* Main.storyboard in Resources */,
			);
			runOnlyForDeploymentPostprocessing = 0;
		};
/* End PBXResourcesBuildPhase section */

/* Begin PBXShellScriptBuildPhase section */
		8F7B24CD1F852E0334B42E7A /* [CP] Embed Pods Frameworks */ = {
			isa = PBXShellScriptBuildPhase;
			buildActionMask = 2147483647;
			files = (
			);
			inputFileListPaths = (
				"${PODS_ROOT}/Target Support Files/Pods-KPGG/Pods-KPGG-frameworks-${CONFIGURATION}-input-files.xcfilelist",
			);
			name = "[CP] Embed Pods Frameworks";
			outputFileListPaths = (
				"${PODS_ROOT}/Target Support Files/Pods-KPGG/Pods-KPGG-frameworks-${CONFIGURATION}-output-files.xcfilelist",
			);
			runOnlyForDeploymentPostprocessing = 0;
			shellPath = /bin/sh;
			shellScript = "\"${PODS_ROOT}/Target Support Files/Pods-KPGG/Pods-KPGG-frameworks.sh\"\n";
			showEnvVarsInLog = 0;
		};
		A536AF2E23750536A63AAF4D /* [CP] Check Pods Manifest.lock */ = {
			isa = PBXShellScriptBuildPhase;
			buildActionMask = 2147483647;
			files = (
			);
			inputFileListPaths = (
			);
			inputPaths = (
				"${PODS_PODFILE_DIR_PATH}/Podfile.lock",
				"${PODS_ROOT}/Manifest.lock",
			);
			name = "[CP] Check Pods Manifest.lock";
			outputFileListPaths = (
			);
			outputPaths = (
				"$(DERIVED_FILE_DIR)/Pods-KPGG-checkManifestLockResult.txt",
			);
			runOnlyForDeploymentPostprocessing = 0;
			shellPath = /bin/sh;
			shellScript = "diff \"${PODS_PODFILE_DIR_PATH}/Podfile.lock\" \"${PODS_ROOT}/Manifest.lock\" > /dev/null\nif [ $? != 0 ] ; then\n    # print error to STDERR\n    echo \"error: The sandbox is not in sync with the Podfile.lock. Run 'pod install' or update your CocoaPods installation.\" >&2\n    exit 1\nfi\n# This output is used by Xcode 'outputs' to avoid re-running this script phase.\necho \"SUCCESS\" > \"${SCRIPT_OUTPUT_FILE_0}\"\n";
			showEnvVarsInLog = 0;
		};
/* End PBXShellScriptBuildPhase section */

/* Begin PBXSourcesBuildPhase section */
		A008ADCB271B3F8D00972B3F /* Sources */ = {
			isa = PBXSourcesBuildPhase;
			buildActionMask = 2147483647;
			files = (
				A0F9C9992725B75B004089F6 /* FavoritesStorageManager.swift in Sources */,
				A0B991F227203FCD005ECDD1 /* MemberDetailViewController.swift in Sources */,
				A0F9C9832725B48A004089F6 /* FavoritesStorage.xcdatamodeld in Sources */,
				A0B991EA271FED8B005ECDD1 /* GroupMemberUseCase.swift in Sources */,
				A0F9C9A62725CD14004089F6 /* MemberDetailUseCase.swift in Sources */,
				A08363C3271C29650061CB67 /* GroupCell.swift in Sources */,
				A0F9C9742725B281004089F6 /* GroupFavoritesCell.swift in Sources */,
				A008ADD7271B3F8D00972B3F /* MainViewController.swift in Sources */,
				A08363C5271C64010061CB67 /* Group.swift in Sources */,
				A0ADB54D271DF31B00996110 /* MainCell.swift in Sources */,
				A0F9C97A2725B2F4004089F6 /* GroupFavoritesViewController.swift in Sources */,
				A0B991EC271FF4AF005ECDD1 /* GroupMemberViewModel.swift in Sources */,
				A0F9C99F2725BC99004089F6 /* MemberFavoritesUseCase.swift in Sources */,
				A008ADD3271B3F8D00972B3F /* AppDelegate.swift in Sources */,
				A0AC429F2724309F00E9BE98 /* SectionView.swift in Sources */,
				A0AC1AF22722BD6400EA5F27 /* VideoViewController.swift in Sources */,
				A0F9C9952725B64E004089F6 /* GroupInfo+CoreDataClass.swift in Sources */,
				A004CEC6271D539300AAF13F /* SectionEnum.swift in Sources */,
				A0AF8AA2271EE08D009CEF82 /* MainUseCase.swift in Sources */,
				A0F9C9A12725BD12004089F6 /* GroupFavoritesViewModel.swift in Sources */,
				A008ADEB271B402A00972B3F /* MainViewModel.swift in Sources */,
				A0F9C9A32725BE6A004089F6 /* MemberFavoritesViewModel.swift in Sources */,
				A008ADD5271B3F8D00972B3F /* SceneDelegate.swift in Sources */,
				A0AF8A99271EB204009CEF82 /* Endpoint.swift in Sources */,
				A099030D2722A08600574A3B /* MusicVideoViewModel.swift in Sources */,
				A0AC1AF82722D22100EA5F27 /* Extension.swift in Sources */,
				A0F9C97C2725B38F004089F6 /* MemberFavoritesCell.swift in Sources */,
				A0AF8A9B271EB20C009CEF82 /* NetworkService.swift in Sources */,
				A0AF8A95271E8AB6009CEF82 /* Member.swift in Sources */,
				A0925E9B2721C90B0010C9D0 /* SectionHeader.swift in Sources */,
				A0B991F4272042C0005ECDD1 /* MemberDetailViewModel.swift in Sources */,
				A0F9C97E2725B3A8004089F6 /* MemberFavoritesViewController.swift in Sources */,
				A0F9C9972725B69D004089F6 /* MemberInfo+CoreDataClass.swift in Sources */,
				A0B991E7271FECAD005ECDD1 /* GroupMemberViewController.swift in Sources */,
				A0B991E5271FEB85005ECDD1 /* GroupMemberViewCell.swift in Sources */,
				A0F9C99C2725BBD6004089F6 /* GroupFavoritesUseCase.swift in Sources */,
			);
			runOnlyForDeploymentPostprocessing = 0;
		};
/* End PBXSourcesBuildPhase section */

/* Begin PBXVariantGroup section */
		A008ADD8271B3F8D00972B3F /* Main.storyboard */ = {
			isa = PBXVariantGroup;
			children = (
				A008ADD9271B3F8D00972B3F /* Base */,
			);
			name = Main.storyboard;
			sourceTree = "<group>";
		};
		A008ADDD271B3F8E00972B3F /* LaunchScreen.storyboard */ = {
			isa = PBXVariantGroup;
			children = (
				A008ADDE271B3F8E00972B3F /* Base */,
			);
			name = LaunchScreen.storyboard;
			sourceTree = "<group>";
		};
/* End PBXVariantGroup section */

/* Begin XCBuildConfiguration section */
		A008ADE1271B3F8E00972B3F /* Debug */ = {
			isa = XCBuildConfiguration;
			buildSettings = {
				ALWAYS_SEARCH_USER_PATHS = NO;
				CLANG_ANALYZER_NONNULL = YES;
				CLANG_ANALYZER_NUMBER_OBJECT_CONVERSION = YES_AGGRESSIVE;
				CLANG_CXX_LANGUAGE_STANDARD = "gnu++17";
				CLANG_CXX_LIBRARY = "libc++";
				CLANG_ENABLE_MODULES = YES;
				CLANG_ENABLE_OBJC_ARC = YES;
				CLANG_ENABLE_OBJC_WEAK = YES;
				CLANG_WARN_BLOCK_CAPTURE_AUTORELEASING = YES;
				CLANG_WARN_BOOL_CONVERSION = YES;
				CLANG_WARN_COMMA = YES;
				CLANG_WARN_CONSTANT_CONVERSION = YES;
				CLANG_WARN_DEPRECATED_OBJC_IMPLEMENTATIONS = YES;
				CLANG_WARN_DIRECT_OBJC_ISA_USAGE = YES_ERROR;
				CLANG_WARN_DOCUMENTATION_COMMENTS = YES;
				CLANG_WARN_EMPTY_BODY = YES;
				CLANG_WARN_ENUM_CONVERSION = YES;
				CLANG_WARN_INFINITE_RECURSION = YES;
				CLANG_WARN_INT_CONVERSION = YES;
				CLANG_WARN_NON_LITERAL_NULL_CONVERSION = YES;
				CLANG_WARN_OBJC_IMPLICIT_RETAIN_SELF = YES;
				CLANG_WARN_OBJC_LITERAL_CONVERSION = YES;
				CLANG_WARN_OBJC_ROOT_CLASS = YES_ERROR;
				CLANG_WARN_QUOTED_INCLUDE_IN_FRAMEWORK_HEADER = YES;
				CLANG_WARN_RANGE_LOOP_ANALYSIS = YES;
				CLANG_WARN_STRICT_PROTOTYPES = YES;
				CLANG_WARN_SUSPICIOUS_MOVE = YES;
				CLANG_WARN_UNGUARDED_AVAILABILITY = YES_AGGRESSIVE;
				CLANG_WARN_UNREACHABLE_CODE = YES;
				CLANG_WARN__DUPLICATE_METHOD_MATCH = YES;
				COPY_PHASE_STRIP = NO;
				DEBUG_INFORMATION_FORMAT = dwarf;
				ENABLE_STRICT_OBJC_MSGSEND = YES;
				ENABLE_TESTABILITY = YES;
				GCC_C_LANGUAGE_STANDARD = gnu11;
				GCC_DYNAMIC_NO_PIC = NO;
				GCC_NO_COMMON_BLOCKS = YES;
				GCC_OPTIMIZATION_LEVEL = 0;
				GCC_PREPROCESSOR_DEFINITIONS = (
					"DEBUG=1",
					"$(inherited)",
				);
				GCC_WARN_64_TO_32_BIT_CONVERSION = YES;
				GCC_WARN_ABOUT_RETURN_TYPE = YES_ERROR;
				GCC_WARN_UNDECLARED_SELECTOR = YES;
				GCC_WARN_UNINITIALIZED_AUTOS = YES_AGGRESSIVE;
				GCC_WARN_UNUSED_FUNCTION = YES;
				GCC_WARN_UNUSED_VARIABLE = YES;
				IPHONEOS_DEPLOYMENT_TARGET = 15.0;
				MTL_ENABLE_DEBUG_INFO = INCLUDE_SOURCE;
				MTL_FAST_MATH = YES;
				ONLY_ACTIVE_ARCH = YES;
				SDKROOT = iphoneos;
				SWIFT_ACTIVE_COMPILATION_CONDITIONS = DEBUG;
				SWIFT_OPTIMIZATION_LEVEL = "-Onone";
			};
			name = Debug;
		};
		A008ADE2271B3F8E00972B3F /* Release */ = {
			isa = XCBuildConfiguration;
			buildSettings = {
				ALWAYS_SEARCH_USER_PATHS = NO;
				CLANG_ANALYZER_NONNULL = YES;
				CLANG_ANALYZER_NUMBER_OBJECT_CONVERSION = YES_AGGRESSIVE;
				CLANG_CXX_LANGUAGE_STANDARD = "gnu++17";
				CLANG_CXX_LIBRARY = "libc++";
				CLANG_ENABLE_MODULES = YES;
				CLANG_ENABLE_OBJC_ARC = YES;
				CLANG_ENABLE_OBJC_WEAK = YES;
				CLANG_WARN_BLOCK_CAPTURE_AUTORELEASING = YES;
				CLANG_WARN_BOOL_CONVERSION = YES;
				CLANG_WARN_COMMA = YES;
				CLANG_WARN_CONSTANT_CONVERSION = YES;
				CLANG_WARN_DEPRECATED_OBJC_IMPLEMENTATIONS = YES;
				CLANG_WARN_DIRECT_OBJC_ISA_USAGE = YES_ERROR;
				CLANG_WARN_DOCUMENTATION_COMMENTS = YES;
				CLANG_WARN_EMPTY_BODY = YES;
				CLANG_WARN_ENUM_CONVERSION = YES;
				CLANG_WARN_INFINITE_RECURSION = YES;
				CLANG_WARN_INT_CONVERSION = YES;
				CLANG_WARN_NON_LITERAL_NULL_CONVERSION = YES;
				CLANG_WARN_OBJC_IMPLICIT_RETAIN_SELF = YES;
				CLANG_WARN_OBJC_LITERAL_CONVERSION = YES;
				CLANG_WARN_OBJC_ROOT_CLASS = YES_ERROR;
				CLANG_WARN_QUOTED_INCLUDE_IN_FRAMEWORK_HEADER = YES;
				CLANG_WARN_RANGE_LOOP_ANALYSIS = YES;
				CLANG_WARN_STRICT_PROTOTYPES = YES;
				CLANG_WARN_SUSPICIOUS_MOVE = YES;
				CLANG_WARN_UNGUARDED_AVAILABILITY = YES_AGGRESSIVE;
				CLANG_WARN_UNREACHABLE_CODE = YES;
				CLANG_WARN__DUPLICATE_METHOD_MATCH = YES;
				COPY_PHASE_STRIP = NO;
				DEBUG_INFORMATION_FORMAT = "dwarf-with-dsym";
				ENABLE_NS_ASSERTIONS = NO;
				ENABLE_STRICT_OBJC_MSGSEND = YES;
				GCC_C_LANGUAGE_STANDARD = gnu11;
				GCC_NO_COMMON_BLOCKS = YES;
				GCC_WARN_64_TO_32_BIT_CONVERSION = YES;
				GCC_WARN_ABOUT_RETURN_TYPE = YES_ERROR;
				GCC_WARN_UNDECLARED_SELECTOR = YES;
				GCC_WARN_UNINITIALIZED_AUTOS = YES_AGGRESSIVE;
				GCC_WARN_UNUSED_FUNCTION = YES;
				GCC_WARN_UNUSED_VARIABLE = YES;
				IPHONEOS_DEPLOYMENT_TARGET = 15.0;
				MTL_ENABLE_DEBUG_INFO = NO;
				MTL_FAST_MATH = YES;
				SDKROOT = iphoneos;
				SWIFT_COMPILATION_MODE = wholemodule;
				SWIFT_OPTIMIZATION_LEVEL = "-O";
				VALIDATE_PRODUCT = YES;
			};
			name = Release;
		};
		A008ADE4271B3F8E00972B3F /* Debug */ = {
			isa = XCBuildConfiguration;
			baseConfigurationReference = 59AF9606086FEDFF3C1FED35 /* Pods-KPGG.debug.xcconfig */;
			buildSettings = {
				ASSETCATALOG_COMPILER_APPICON_NAME = AppIcon;
				ASSETCATALOG_COMPILER_GLOBAL_ACCENT_COLOR_NAME = AccentColor;
				CODE_SIGN_STYLE = Automatic;
				CURRENT_PROJECT_VERSION = 1;
				DEVELOPMENT_TEAM = B3PWYBKFUK;
				GENERATE_INFOPLIST_FILE = YES;
				INFOPLIST_FILE = KPGG/Info.plist;
				INFOPLIST_KEY_UIApplicationSupportsIndirectInputEvents = YES;
				INFOPLIST_KEY_UILaunchStoryboardName = LaunchScreen;
				INFOPLIST_KEY_UIMainStoryboardFile = Main;
				INFOPLIST_KEY_UISupportedInterfaceOrientations_iPad = "UIInterfaceOrientationPortrait UIInterfaceOrientationPortraitUpsideDown UIInterfaceOrientationLandscapeLeft UIInterfaceOrientationLandscapeRight";
				INFOPLIST_KEY_UISupportedInterfaceOrientations_iPhone = "UIInterfaceOrientationPortrait UIInterfaceOrientationLandscapeLeft UIInterfaceOrientationLandscapeRight";
				LD_RUNPATH_SEARCH_PATHS = (
					"$(inherited)",
					"@executable_path/Frameworks",
				);
				MARKETING_VERSION = 1.0;
				PRODUCT_BUNDLE_IDENTIFIER = com.Codesquad.SimulatorTest.KPGG;
				PRODUCT_NAME = "$(TARGET_NAME)";
				SWIFT_EMIT_LOC_STRINGS = YES;
				SWIFT_VERSION = 5.0;
				TARGETED_DEVICE_FAMILY = "1,2";
			};
			name = Debug;
		};
		A008ADE5271B3F8E00972B3F /* Release */ = {
			isa = XCBuildConfiguration;
			baseConfigurationReference = E2C8C6BB9A2066D8B38B973A /* Pods-KPGG.release.xcconfig */;
			buildSettings = {
				ASSETCATALOG_COMPILER_APPICON_NAME = AppIcon;
				ASSETCATALOG_COMPILER_GLOBAL_ACCENT_COLOR_NAME = AccentColor;
				CODE_SIGN_STYLE = Automatic;
				CURRENT_PROJECT_VERSION = 1;
				DEVELOPMENT_TEAM = B3PWYBKFUK;
				GENERATE_INFOPLIST_FILE = YES;
				INFOPLIST_FILE = KPGG/Info.plist;
				INFOPLIST_KEY_UIApplicationSupportsIndirectInputEvents = YES;
				INFOPLIST_KEY_UILaunchStoryboardName = LaunchScreen;
				INFOPLIST_KEY_UIMainStoryboardFile = Main;
				INFOPLIST_KEY_UISupportedInterfaceOrientations_iPad = "UIInterfaceOrientationPortrait UIInterfaceOrientationPortraitUpsideDown UIInterfaceOrientationLandscapeLeft UIInterfaceOrientationLandscapeRight";
				INFOPLIST_KEY_UISupportedInterfaceOrientations_iPhone = "UIInterfaceOrientationPortrait UIInterfaceOrientationLandscapeLeft UIInterfaceOrientationLandscapeRight";
				LD_RUNPATH_SEARCH_PATHS = (
					"$(inherited)",
					"@executable_path/Frameworks",
				);
				MARKETING_VERSION = 1.0;
				PRODUCT_BUNDLE_IDENTIFIER = com.Codesquad.SimulatorTest.KPGG;
				PRODUCT_NAME = "$(TARGET_NAME)";
				SWIFT_EMIT_LOC_STRINGS = YES;
				SWIFT_VERSION = 5.0;
				TARGETED_DEVICE_FAMILY = "1,2";
			};
			name = Release;
		};
/* End XCBuildConfiguration section */

/* Begin XCConfigurationList section */
		A008ADCA271B3F8D00972B3F /* Build configuration list for PBXProject "KPGG" */ = {
			isa = XCConfigurationList;
			buildConfigurations = (
				A008ADE1271B3F8E00972B3F /* Debug */,
				A008ADE2271B3F8E00972B3F /* Release */,
			);
			defaultConfigurationIsVisible = 0;
			defaultConfigurationName = Release;
		};
		A008ADE3271B3F8E00972B3F /* Build configuration list for PBXNativeTarget "KPGG" */ = {
			isa = XCConfigurationList;
			buildConfigurations = (
				A008ADE4271B3F8E00972B3F /* Debug */,
				A008ADE5271B3F8E00972B3F /* Release */,
			);
			defaultConfigurationIsVisible = 0;
			defaultConfigurationName = Release;
		};
/* End XCConfigurationList section */

/* Begin XCRemoteSwiftPackageReference section */
		A0AC42992723F2D000E9BE98 /* XCRemoteSwiftPackageReference "Kingfisher" */ = {
			isa = XCRemoteSwiftPackageReference;
			repositoryURL = "https://github.com/onevcat/Kingfisher.git";
			requirement = {
				branch = master;
				kind = branch;
			};
		};
		A0AF8A9C271EB225009CEF82 /* XCRemoteSwiftPackageReference "Alamofire" */ = {
			isa = XCRemoteSwiftPackageReference;
			repositoryURL = "https://github.com/Alamofire/Alamofire.git";
			requirement = {
				branch = master;
				kind = branch;
			};
		};
		A0AF8AA3271EE0AA009CEF82 /* XCRemoteSwiftPackageReference "RxSwift" */ = {
			isa = XCRemoteSwiftPackageReference;
			repositoryURL = "https://github.com/ReactiveX/RxSwift";
			requirement = {
				branch = main;
				kind = branch;
			};
		};
/* End XCRemoteSwiftPackageReference section */

/* Begin XCSwiftPackageProductDependency section */
		A0AC429A2723F2D000E9BE98 /* Kingfisher */ = {
			isa = XCSwiftPackageProductDependency;
			package = A0AC42992723F2D000E9BE98 /* XCRemoteSwiftPackageReference "Kingfisher" */;
			productName = Kingfisher;
		};
		A0AF8A9D271EB225009CEF82 /* Alamofire */ = {
			isa = XCSwiftPackageProductDependency;
			package = A0AF8A9C271EB225009CEF82 /* XCRemoteSwiftPackageReference "Alamofire" */;
			productName = Alamofire;
		};
		A0AF8AA4271EE0AA009CEF82 /* RxCocoa */ = {
			isa = XCSwiftPackageProductDependency;
			package = A0AF8AA3271EE0AA009CEF82 /* XCRemoteSwiftPackageReference "RxSwift" */;
			productName = RxCocoa;
		};
		A0AF8AA6271EE0AA009CEF82 /* RxSwift */ = {
			isa = XCSwiftPackageProductDependency;
			package = A0AF8AA3271EE0AA009CEF82 /* XCRemoteSwiftPackageReference "RxSwift" */;
			productName = RxSwift;
		};
/* End XCSwiftPackageProductDependency section */

/* Begin XCVersionGroup section */
		A0F9C9812725B48A004089F6 /* FavoritesStorage.xcdatamodeld */ = {
			isa = XCVersionGroup;
			children = (
				A0F9C9822725B48A004089F6 /* FavoritesStorage.xcdatamodel */,
			);
			currentVersion = A0F9C9822725B48A004089F6 /* FavoritesStorage.xcdatamodel */;
			path = FavoritesStorage.xcdatamodeld;
			sourceTree = "<group>";
			versionGroupType = wrapper.xcdatamodel;
		};
/* End XCVersionGroup section */
	};
	rootObject = A008ADC7271B3F8D00972B3F /* Project object */;
}
